lockfileVersion: '6.0'

settings:
  autoInstallPeers: true
  excludeLinksFromLockfile: false

dependencies:
  stats.js:
    specifier: ^0.17.0
    version: 0.17.0
  three:
    specifier: ^0.167.0
    version: 0.167.0

packages:

  /stats.js@0.17.0:
    resolution: {integrity: sha512-hNKz8phvYLPEcRkeG1rsGmV5ChMjKDAWU7/OJJdDErPBNChQXxCo3WZurGpnWc6gZhAzEPFad1aVgyOANH1sMw==}
    dev: false

  /three@0.167.0:
    resolution: {integrity: sha512-9Y1a66fpjqF3rhq7ivKTaKtjQLZ97Hj/lZ00DmZWaKHaQFH4uzYT1znwRDWQOcgMmCcOloQzo61gDmqO8l9xmA==}
    dev: false
